
Microsoft Visual Studio Solution File, Format Version 12.00
# Visual Studio Version 17
VisualStudioVersion = 17.3.32825.248
MinimumVisualStudioVersion = 10.0.40219.1
Project("{9A19103F-16F7-4668-BE54-9A1E7A4F7556}") = "HttpTriggerFunctionApp", "FunctionApp2\HttpTriggerFunctionApp.csproj", "{BC139862-2C9E-41DD-9E8B-A3A60D4B71D8}"
EndProject
Global
	GlobalSection(SolutionConfigurationPlatforms) = preSolution
		Debug|Any CPU = Debug|Any CPU
		Release|Any CPU = Release|Any CPU
	EndGlobalSection
	GlobalSection(ProjectConfigurationPlatforms) = postSolution
		{BC139862-2C9E-41DD-9E8B-A3A60D4B71D8}.Debug|Any CPU.ActiveCfg = Debug|Any CPU
		{BC139862-2C9E-41DD-9E8B-A3A60D4B71D8}.Debug|Any CPU.Build.0 = Debug|Any CPU
		{BC139862-2C9E-41DD-9E8B-A3A60D4B71D8}.Release|Any CPU.ActiveCfg = Release|Any CPU
		{BC139862-2C9E-41DD-9E8B-A3A60D4B71D8}.Release|Any CPU.Build.0 = Release|Any CPU
	EndGlobalSection
	GlobalSection(SolutionProperties) = preSolution
		HideSolutionNode = FALSE
	EndGlobalSection
	GlobalSection(ExtensibilityGlobals) = postSolution
		SolutionGuid = {34E89C4B-BBCE-44F1-B9FA-D06FB569AF0A}
	EndGlobalSection
EndGlobal
